
Microsoft Visual Studio Solution File, Format Version 12.00
# Visual Studio Version 17
VisualStudioVersion = 17.13.35825.156 d17.13
MinimumVisualStudioVersion = 10.0.40219.1
Project("{FAE04EC0-301F-11D3-BF4B-00C04F79EFBC}") = "Zadanie 4", "Zadanie 4.csproj", "{D94280C9-714D-468C-8B5C-45C7B6248757}"
EndProject
Global
	GlobalSection(SolutionConfigurationPlatforms) = preSolution
		Debug|Any CPU = Debug|Any CPU
		Release|Any CPU = Release|Any CPU
	EndGlobalSection
	GlobalSection(ProjectConfigurationPlatforms) = postSolution
		{D94280C9-714D-468C-8B5C-45C7B6248757}.Debug|Any CPU.ActiveCfg = Debug|Any CPU
		{D94280C9-714D-468C-8B5C-45C7B6248757}.Debug|Any CPU.Build.0 = Debug|Any CPU
		{D94280C9-714D-468C-8B5C-45C7B6248757}.Release|Any CPU.ActiveCfg = Release|Any CPU
		{D94280C9-714D-468C-8B5C-45C7B6248757}.Release|Any CPU.Build.0 = Release|Any CPU
	EndGlobalSection
	GlobalSection(SolutionProperties) = preSolution
		HideSolutionNode = FALSE
	EndGlobalSection
	GlobalSection(ExtensibilityGlobals) = postSolution
		SolutionGuid = {24521792-15D9-4637-A216-62C3006D8868}
	EndGlobalSection
EndGlobal
