
Microsoft Visual Studio Solution File, Format Version 12.00
# Visual Studio Version 17
VisualStudioVersion = 17.13.35825.156 d17.13
MinimumVisualStudioVersion = 10.0.40219.1
Project("{FAE04EC0-301F-11D3-BF4B-00C04F79EFBC}") = "Zadanie 8", "Zadanie 8.csproj", "{CA6CF8FF-40FC-40B7-B4AF-547AA432E7DD}"
EndProject
Global
	GlobalSection(SolutionConfigurationPlatforms) = preSolution
		Debug|Any CPU = Debug|Any CPU
		Release|Any CPU = Release|Any CPU
	EndGlobalSection
	GlobalSection(ProjectConfigurationPlatforms) = postSolution
		{CA6CF8FF-40FC-40B7-B4AF-547AA432E7DD}.Debug|Any CPU.ActiveCfg = Debug|Any CPU
		{CA6CF8FF-40FC-40B7-B4AF-547AA432E7DD}.Debug|Any CPU.Build.0 = Debug|Any CPU
		{CA6CF8FF-40FC-40B7-B4AF-547AA432E7DD}.Release|Any CPU.ActiveCfg = Release|Any CPU
		{CA6CF8FF-40FC-40B7-B4AF-547AA432E7DD}.Release|Any CPU.Build.0 = Release|Any CPU
	EndGlobalSection
	GlobalSection(SolutionProperties) = preSolution
		HideSolutionNode = FALSE
	EndGlobalSection
	GlobalSection(ExtensibilityGlobals) = postSolution
		SolutionGuid = {9CC030E1-E4F3-4F31-8BB5-D60DD1C8F4E9}
	EndGlobalSection
EndGlobal
