
Microsoft Visual Studio Solution File, Format Version 12.00
# Visual Studio Version 17
VisualStudioVersion = 17.13.35825.156 d17.13
MinimumVisualStudioVersion = 10.0.40219.1
Project("{FAE04EC0-301F-11D3-BF4B-00C04F79EFBC}") = "zadanie 2", "zadanie 2.csproj", "{8B0A221B-B2CC-47EA-BE67-B9172AC8FEEC}"
EndProject
Global
	GlobalSection(SolutionConfigurationPlatforms) = preSolution
		Debug|Any CPU = Debug|Any CPU
		Release|Any CPU = Release|Any CPU
	EndGlobalSection
	GlobalSection(ProjectConfigurationPlatforms) = postSolution
		{8B0A221B-B2CC-47EA-BE67-B9172AC8FEEC}.Debug|Any CPU.ActiveCfg = Debug|Any CPU
		{8B0A221B-B2CC-47EA-BE67-B9172AC8FEEC}.Debug|Any CPU.Build.0 = Debug|Any CPU
		{8B0A221B-B2CC-47EA-BE67-B9172AC8FEEC}.Release|Any CPU.ActiveCfg = Release|Any CPU
		{8B0A221B-B2CC-47EA-BE67-B9172AC8FEEC}.Release|Any CPU.Build.0 = Release|Any CPU
	EndGlobalSection
	GlobalSection(SolutionProperties) = preSolution
		HideSolutionNode = FALSE
	EndGlobalSection
	GlobalSection(ExtensibilityGlobals) = postSolution
		SolutionGuid = {FEF0832B-9DF6-4AAC-878C-AAA92BE0876D}
	EndGlobalSection
EndGlobal
