
Microsoft Visual Studio Solution File, Format Version 12.00
# Visual Studio Version 17
VisualStudioVersion = 17.13.35825.156 d17.13
MinimumVisualStudioVersion = 10.0.40219.1
Project("{FAE04EC0-301F-11D3-BF4B-00C04F79EFBC}") = "Zadanie 8", "Zadanie 8.csproj", "{C6E3292C-5DAB-4B84-9CFB-EFC6955E557D}"
EndProject
Global
	GlobalSection(SolutionConfigurationPlatforms) = preSolution
		Debug|Any CPU = Debug|Any CPU
		Release|Any CPU = Release|Any CPU
	EndGlobalSection
	GlobalSection(ProjectConfigurationPlatforms) = postSolution
		{C6E3292C-5DAB-4B84-9CFB-EFC6955E557D}.Debug|Any CPU.ActiveCfg = Debug|Any CPU
		{C6E3292C-5DAB-4B84-9CFB-EFC6955E557D}.Debug|Any CPU.Build.0 = Debug|Any CPU
		{C6E3292C-5DAB-4B84-9CFB-EFC6955E557D}.Release|Any CPU.ActiveCfg = Release|Any CPU
		{C6E3292C-5DAB-4B84-9CFB-EFC6955E557D}.Release|Any CPU.Build.0 = Release|Any CPU
	EndGlobalSection
	GlobalSection(SolutionProperties) = preSolution
		HideSolutionNode = FALSE
	EndGlobalSection
	GlobalSection(ExtensibilityGlobals) = postSolution
		SolutionGuid = {7E0FE9C2-0BC4-418E-81FF-534F18864636}
	EndGlobalSection
EndGlobal
