
Microsoft Visual Studio Solution File, Format Version 12.00
# Visual Studio Version 17
VisualStudioVersion = 17.13.35825.156 d17.13
MinimumVisualStudioVersion = 10.0.40219.1
Project("{FAE04EC0-301F-11D3-BF4B-00C04F79EFBC}") = "Zadanie 3", "Zadanie 3.csproj", "{0C46D2CA-05C6-4CB1-A772-1E6C839E94EF}"
EndProject
Global
	GlobalSection(SolutionConfigurationPlatforms) = preSolution
		Debug|Any CPU = Debug|Any CPU
		Release|Any CPU = Release|Any CPU
	EndGlobalSection
	GlobalSection(ProjectConfigurationPlatforms) = postSolution
		{0C46D2CA-05C6-4CB1-A772-1E6C839E94EF}.Debug|Any CPU.ActiveCfg = Debug|Any CPU
		{0C46D2CA-05C6-4CB1-A772-1E6C839E94EF}.Debug|Any CPU.Build.0 = Debug|Any CPU
		{0C46D2CA-05C6-4CB1-A772-1E6C839E94EF}.Release|Any CPU.ActiveCfg = Release|Any CPU
		{0C46D2CA-05C6-4CB1-A772-1E6C839E94EF}.Release|Any CPU.Build.0 = Release|Any CPU
	EndGlobalSection
	GlobalSection(SolutionProperties) = preSolution
		HideSolutionNode = FALSE
	EndGlobalSection
	GlobalSection(ExtensibilityGlobals) = postSolution
		SolutionGuid = {3FD7B34B-007C-4CF7-8FEF-07345A72E811}
	EndGlobalSection
EndGlobal
