
Microsoft Visual Studio Solution File, Format Version 12.00
# Visual Studio Version 17
VisualStudioVersion = 17.13.35825.156 d17.13
MinimumVisualStudioVersion = 10.0.40219.1
Project("{FAE04EC0-301F-11D3-BF4B-00C04F79EFBC}") = "Zadanie 6", "Zadanie 6.csproj", "{B55AB66A-5DC2-4853-BC0A-D48D59C7EA20}"
EndProject
Global
	GlobalSection(SolutionConfigurationPlatforms) = preSolution
		Debug|Any CPU = Debug|Any CPU
		Release|Any CPU = Release|Any CPU
	EndGlobalSection
	GlobalSection(ProjectConfigurationPlatforms) = postSolution
		{B55AB66A-5DC2-4853-BC0A-D48D59C7EA20}.Debug|Any CPU.ActiveCfg = Debug|Any CPU
		{B55AB66A-5DC2-4853-BC0A-D48D59C7EA20}.Debug|Any CPU.Build.0 = Debug|Any CPU
		{B55AB66A-5DC2-4853-BC0A-D48D59C7EA20}.Release|Any CPU.ActiveCfg = Release|Any CPU
		{B55AB66A-5DC2-4853-BC0A-D48D59C7EA20}.Release|Any CPU.Build.0 = Release|Any CPU
	EndGlobalSection
	GlobalSection(SolutionProperties) = preSolution
		HideSolutionNode = FALSE
	EndGlobalSection
	GlobalSection(ExtensibilityGlobals) = postSolution
		SolutionGuid = {D4BCD872-39BA-44D4-9AC7-564B7E5AB350}
	EndGlobalSection
EndGlobal
