
Microsoft Visual Studio Solution File, Format Version 12.00
# Visual Studio Version 17
VisualStudioVersion = 17.13.35825.156 d17.13
MinimumVisualStudioVersion = 10.0.40219.1
Project("{FAE04EC0-301F-11D3-BF4B-00C04F79EFBC}") = "Zadanie 10", "Zadanie 10.csproj", "{8266E7B3-8177-407A-BD51-7432E536F9F6}"
EndProject
Global
	GlobalSection(SolutionConfigurationPlatforms) = preSolution
		Debug|Any CPU = Debug|Any CPU
		Release|Any CPU = Release|Any CPU
	EndGlobalSection
	GlobalSection(ProjectConfigurationPlatforms) = postSolution
		{8266E7B3-8177-407A-BD51-7432E536F9F6}.Debug|Any CPU.ActiveCfg = Debug|Any CPU
		{8266E7B3-8177-407A-BD51-7432E536F9F6}.Debug|Any CPU.Build.0 = Debug|Any CPU
		{8266E7B3-8177-407A-BD51-7432E536F9F6}.Release|Any CPU.ActiveCfg = Release|Any CPU
		{8266E7B3-8177-407A-BD51-7432E536F9F6}.Release|Any CPU.Build.0 = Release|Any CPU
	EndGlobalSection
	GlobalSection(SolutionProperties) = preSolution
		HideSolutionNode = FALSE
	EndGlobalSection
	GlobalSection(ExtensibilityGlobals) = postSolution
		SolutionGuid = {284FDE5A-280E-4805-A7B4-6E5D2D52B504}
	EndGlobalSection
EndGlobal
